<?xml version="1.0" encoding="utf-8"?>
<Project ToolsVersion="4.0" xmlns="http://schemas.microsoft.com/developer/msbuild/2003">
  <ItemGroup>
    <ClCompile Include="Common.cpp">
      <Filter>Source Files</Filter>
    </ClCompile>
    <ClCompile Include="D2Functions.cpp">
      <Filter>Source Files</Filter>
    </ClCompile>
    <ClCompile Include="D2Pointers.cpp">
      <Filter>Source Files</Filter>
    </ClCompile>
    <ClCompile Include="Input.cpp">
      <Filter>Source Files</Filter>
    </ClCompile>
    <ClCompile Include="Main.cpp">
      <Filter>Source Files</Filter>
    </ClCompile>
    <ClCompile Include="D2Intercepts.cpp">
      <Filter>Source Files</Filter>
    </ClCompile>
    <ClCompile Include="D2Helpers.cpp">
      <Filter>Source Files</Filter>
    </ClCompile>
    <ClCompile Include="JsFunctions.cpp">
      <Filter>JSFunctions</Filter>
    </ClCompile>
    <ClCompile Include="V8Script.cpp" />
    <ClCompile Include="D2Funcs.cpp">
      <Filter>Source Files</Filter>
    </ClCompile>
    <ClCompile Include="Helpers.cpp">
      <Filter>Source Files</Filter>
    </ClCompile>
  </ItemGroup>
  <ItemGroup>
    <ClInclude Include="D2Structs.h">
      <Filter>Header Files</Filter>
    </ClInclude>
    <ClInclude Include="Main.h">
      <Filter>Header Files</Filter>
    </ClInclude>
    <ClInclude Include="Constants.h">
      <Filter>Header Files</Filter>
    </ClInclude>
    <ClInclude Include="Common.h">
      <Filter>Header Files</Filter>
    </ClInclude>
    <ClInclude Include="D2Pointers.h">
      <Filter>Header Files</Filter>
    </ClInclude>
    <ClInclude Include="targetver.h">
      <Filter>Header Files</Filter>
    </ClInclude>
    <ClInclude Include="Input.h">
      <Filter>Header Files</Filter>
    </ClInclude>
    <ClInclude Include="Patch.h">
      <Filter>Header Files</Filter>
    </ClInclude>
    <ClInclude Include="D2Intercepts.h">
      <Filter>Header Files</Filter>
    </ClInclude>
    <ClInclude Include="Offset.h">
      <Filter>Header Files</Filter>
    </ClInclude>
    <ClInclude Include="D2Helpers.h">
      <Filter>Header Files</Filter>
    </ClInclude>
    <ClInclude Include="JsDefines.h">
      <Filter>JSFunctions</Filter>
    </ClInclude>
    <ClInclude Include="JsFunctions.h">
      <Filter>JSFunctions</Filter>
    </ClInclude>
    <ClInclude Include="V8Script.h" />
    <ClInclude Include="D2Funcs.h">
      <Filter>Source Files</Filter>
    </ClInclude>
    <ClInclude Include="Helpers.h">
      <Filter>Source Files</Filter>
    </ClInclude>
    <ClInclude Include="D2Skills.h">
      <Filter>Header Files</Filter>
    </ClInclude>
  </ItemGroup>
  <ItemGroup>
    <Filter Include="Header Files">
      <UniqueIdentifier>{f6e290e9-dc3b-498b-85b0-fa64e2834949}</UniqueIdentifier>
    </Filter>
    <Filter Include="Source Files">
      <UniqueIdentifier>{37247088-a702-49fa-a130-a9c4cb603a00}</UniqueIdentifier>
    </Filter>
    <Filter Include="JSFunctions">
      <UniqueIdentifier>{feb42b6e-73e6-4a5a-8f84-cd7f888f38d2}</UniqueIdentifier>
    </Filter>
  </ItemGroup>
  <ItemGroup>
    <Text Include="ReadMe.txt" />
  </ItemGroup>
</Project>